
Microsoft Visual Studio Solution File, Format Version 12.00
# Visual Studio Version 17
VisualStudioVersion = 17.2.32630.192
MinimumVisualStudioVersion = 10.0.40219.1
Project("{FAE04EC0-301F-11D3-BF4B-00C04F79EFBC}") = "SalesPoint", "SalesPoint\SalesPoint.csproj", "{0E52CB6E-913B-4C1C-B370-924AEC026E49}"
EndProject
Global
	GlobalSection(SolutionConfigurationPlatforms) = preSolution
		Debug|Any CPU = Debug|Any CPU
		Release|Any CPU = Release|Any CPU
	EndGlobalSection
	GlobalSection(ProjectConfigurationPlatforms) = postSolution
		{0E52CB6E-913B-4C1C-B370-924AEC026E49}.Debug|Any CPU.ActiveCfg = Debug|Any CPU
		{0E52CB6E-913B-4C1C-B370-924AEC026E49}.Debug|Any CPU.Build.0 = Debug|Any CPU
		{0E52CB6E-913B-4C1C-B370-924AEC026E49}.Release|Any CPU.ActiveCfg = Release|Any CPU
		{0E52CB6E-913B-4C1C-B370-924AEC026E49}.Release|Any CPU.Build.0 = Release|Any CPU
	EndGlobalSection
	GlobalSection(SolutionProperties) = preSolution
		HideSolutionNode = FALSE
	EndGlobalSection
	GlobalSection(ExtensibilityGlobals) = postSolution
		SolutionGuid = {6B50EA4D-97CC-4263-9456-0F7BE91D0DA0}
	EndGlobalSection
EndGlobal
